
Microsoft Visual Studio Solution File, Format Version 12.00
# Visual Studio 15
VisualStudioVersion = 15.0.28307.329
MinimumVisualStudioVersion = 10.0.40219.1
Project("{FAE04EC0-301F-11D3-BF4B-00C04F79EFBC}") = "TemperatureConversion", "TemperatureConversion\TemperatureConversion.csproj", "{FD39A830-0EA2-4084-B57A-5C6678804AF0}"
EndProject
Global
	GlobalSection(SolutionConfigurationPlatforms) = preSolution
		Debug|Any CPU = Debug|Any CPU
		Release|Any CPU = Release|Any CPU
	EndGlobalSection
	GlobalSection(ProjectConfigurationPlatforms) = postSolution
		{FD39A830-0EA2-4084-B57A-5C6678804AF0}.Debug|Any CPU.ActiveCfg = Debug|Any CPU
		{FD39A830-0EA2-4084-B57A-5C6678804AF0}.Debug|Any CPU.Build.0 = Debug|Any CPU
		{FD39A830-0EA2-4084-B57A-5C6678804AF0}.Release|Any CPU.ActiveCfg = Release|Any CPU
		{FD39A830-0EA2-4084-B57A-5C6678804AF0}.Release|Any CPU.Build.0 = Release|Any CPU
	EndGlobalSection
	GlobalSection(SolutionProperties) = preSolution
		HideSolutionNode = FALSE
	EndGlobalSection
	GlobalSection(ExtensibilityGlobals) = postSolution
		SolutionGuid = {C3A88CAB-54D6-4000-8757-787AB2FE946D}
	EndGlobalSection
EndGlobal
